
Microsoft Visual Studio Solution File, Format Version 12.00
# Visual Studio Version 16
VisualStudioVersion = 16.0.29326.143
MinimumVisualStudioVersion = 10.0.40219.1
Project("{9A19103F-16F7-4668-BE54-9A1E7A4F7556}") = "Hangfire.HttpJob", "Hangfire.HttpJob\Hangfire.HttpJob.csproj", "{DE788EAF-44CC-48CB-860E-80EE3554FE67}"
EndProject
Project("{9A19103F-16F7-4668-BE54-9A1E7A4F7556}") = "TestHangfire", "TestHangfire\TestHangfire.csproj", "{51DBD93B-CEE7-4DC9-890B-81AF5F0C35B8}"
EndProject
Project("{9A19103F-16F7-4668-BE54-9A1E7A4F7556}") = "Hangfire.HttpJob.Client", "Hangfire.HttpJob.Client\Hangfire.HttpJob.Client.csproj", "{535C99D1-1D5B-4E42-8C5F-927691C61B37}"
EndProject
Project("{2150E333-8FDC-42A3-9474-1A3956D46DE8}") = "Test", "Test", "{6C712EFD-9B0C-431B-8B79-06177DF325BA}"
EndProject
Project("{9A19103F-16F7-4668-BE54-9A1E7A4F7556}") = "Hangfire.HttpJob.Client.Test", "Test\Hangfire.HttpJob.Client.Test\Hangfire.HttpJob.Client.Test.csproj", "{EBC3A8E7-117B-451F-B3A9-ADF3AC8B591A}"
EndProject
Project("{9A19103F-16F7-4668-BE54-9A1E7A4F7556}") = "Hangfire.HttpJob.Agent", "Hangfire.HttpJob.Agent\Hangfire.HttpJob.Agent.csproj", "{85C1B85A-8B4D-4B23-BA34-F6530D23BBF2}"
EndProject
Project("{9A19103F-16F7-4668-BE54-9A1E7A4F7556}") = "TestHangfireAgent", "Test\TestHangfireAgent\TestHangfireAgent.csproj", "{67740B21-2AC0-44F4-84B3-969AF7EEC87B}"
EndProject
Project("{9A19103F-16F7-4668-BE54-9A1E7A4F7556}") = "Hangfire.Tags.Mysql", "Hangfire.Tags.Mysql\Hangfire.Tags.Mysql.csproj", "{FE512525-EAD6-4236-ABFC-B0A64D526F51}"
EndProject
Project("{9A19103F-16F7-4668-BE54-9A1E7A4F7556}") = "Hangfire.HttpJob.Agent.MysqlConsole", "AgentLogClient\Hangfire.HttpJob.Agent.MysqlLog\Hangfire.HttpJob.Agent.MysqlConsole.csproj", "{C8D009F7-18C4-4AED-AE73-2F82FE2A79B4}"
EndProject
Project("{2150E333-8FDC-42A3-9474-1A3956D46DE8}") = "TestMysql", "TestMysql", "{F695ABD0-FE6D-4F25-852D-91DCCB410E82}"
EndProject
Project("{2150E333-8FDC-42A3-9474-1A3956D46DE8}") = "TestSqlServer", "TestSqlServer", "{655E1B5A-EDAE-4C85-9553-55229B6254CE}"
EndProject
Project("{9A19103F-16F7-4668-BE54-9A1E7A4F7556}") = "TestSqlserver", "Test\TestSqlserver\TestSqlserver.csproj", "{BF2A3C67-04C2-48E6-946E-BC49C5E0CF6E}"
EndProject
Project("{2150E333-8FDC-42A3-9474-1A3956D46DE8}") = "Mysql", "Mysql", "{A9CDE611-13AA-45F7-8B8D-ED9AE92EFFD6}"
EndProject
Project("{2150E333-8FDC-42A3-9474-1A3956D46DE8}") = "Src", "Src", "{5CF4C3B9-FEDD-48B1-9F92-61C06D6E2830}"
EndProject
Project("{2150E333-8FDC-42A3-9474-1A3956D46DE8}") = "SqlServer", "SqlServer", "{E807D605-E7EA-4680-9269-879F2596A2D3}"
EndProject
Project("{9A19103F-16F7-4668-BE54-9A1E7A4F7556}") = "Hangfire.HttpJob.Agent.MssqlConsole", "AgentLogClient\Hangfire.HttpJob.Agent.MssqlConsole\Hangfire.HttpJob.Agent.MssqlConsole.csproj", "{BE7205C6-52AF-47DD-9175-6C798E2FD56F}"
EndProject
Project("{9A19103F-16F7-4668-BE54-9A1E7A4F7556}") = "TestSqlserverHangfireAgent", "Test\TestSqlserverHangfireAgent\TestSqlserverHangfireAgent.csproj", "{D400915A-2630-4B50-9815-23EE49633BFD}"
EndProject
Project("{2150E333-8FDC-42A3-9474-1A3956D46DE8}") = "Demos", "Demos", "{37962700-6209-4A80-9E90-8EA276C21374}"
EndProject
Project("{9A19103F-16F7-4668-BE54-9A1E7A4F7556}") = "Hangfire.HttpJob.Demo", "demo\Hangfire.HttpJob.Demo\Hangfire.HttpJob.Demo.csproj", "{F9BBB2E0-C683-4F8C-A5EA-490BFC67DDD8}"
EndProject
Global
	GlobalSection(SolutionConfigurationPlatforms) = preSolution
		Debug|Any CPU = Debug|Any CPU
		Release|Any CPU = Release|Any CPU
	EndGlobalSection
	GlobalSection(ProjectConfigurationPlatforms) = postSolution
		{DE788EAF-44CC-48CB-860E-80EE3554FE67}.Debug|Any CPU.ActiveCfg = Debug|Any CPU
		{DE788EAF-44CC-48CB-860E-80EE3554FE67}.Debug|Any CPU.Build.0 = Debug|Any CPU
		{DE788EAF-44CC-48CB-860E-80EE3554FE67}.Release|Any CPU.ActiveCfg = Release|Any CPU
		{DE788EAF-44CC-48CB-860E-80EE3554FE67}.Release|Any CPU.Build.0 = Release|Any CPU
		{51DBD93B-CEE7-4DC9-890B-81AF5F0C35B8}.Debug|Any CPU.ActiveCfg = Debug|Any CPU
		{51DBD93B-CEE7-4DC9-890B-81AF5F0C35B8}.Debug|Any CPU.Build.0 = Debug|Any CPU
		{51DBD93B-CEE7-4DC9-890B-81AF5F0C35B8}.Release|Any CPU.ActiveCfg = Release|Any CPU
		{51DBD93B-CEE7-4DC9-890B-81AF5F0C35B8}.Release|Any CPU.Build.0 = Release|Any CPU
		{535C99D1-1D5B-4E42-8C5F-927691C61B37}.Debug|Any CPU.ActiveCfg = Debug|Any CPU
		{535C99D1-1D5B-4E42-8C5F-927691C61B37}.Debug|Any CPU.Build.0 = Debug|Any CPU
		{535C99D1-1D5B-4E42-8C5F-927691C61B37}.Release|Any CPU.ActiveCfg = Release|Any CPU
		{535C99D1-1D5B-4E42-8C5F-927691C61B37}.Release|Any CPU.Build.0 = Release|Any CPU
		{EBC3A8E7-117B-451F-B3A9-ADF3AC8B591A}.Debug|Any CPU.ActiveCfg = Debug|Any CPU
		{EBC3A8E7-117B-451F-B3A9-ADF3AC8B591A}.Debug|Any CPU.Build.0 = Debug|Any CPU
		{EBC3A8E7-117B-451F-B3A9-ADF3AC8B591A}.Release|Any CPU.ActiveCfg = Release|Any CPU
		{EBC3A8E7-117B-451F-B3A9-ADF3AC8B591A}.Release|Any CPU.Build.0 = Release|Any CPU
		{85C1B85A-8B4D-4B23-BA34-F6530D23BBF2}.Debug|Any CPU.ActiveCfg = Debug|Any CPU
		{85C1B85A-8B4D-4B23-BA34-F6530D23BBF2}.Debug|Any CPU.Build.0 = Debug|Any CPU
		{85C1B85A-8B4D-4B23-BA34-F6530D23BBF2}.Release|Any CPU.ActiveCfg = Release|Any CPU
		{85C1B85A-8B4D-4B23-BA34-F6530D23BBF2}.Release|Any CPU.Build.0 = Release|Any CPU
		{67740B21-2AC0-44F4-84B3-969AF7EEC87B}.Debug|Any CPU.ActiveCfg = Debug|Any CPU
		{67740B21-2AC0-44F4-84B3-969AF7EEC87B}.Debug|Any CPU.Build.0 = Debug|Any CPU
		{67740B21-2AC0-44F4-84B3-969AF7EEC87B}.Release|Any CPU.ActiveCfg = Release|Any CPU
		{67740B21-2AC0-44F4-84B3-969AF7EEC87B}.Release|Any CPU.Build.0 = Release|Any CPU
		{FE512525-EAD6-4236-ABFC-B0A64D526F51}.Debug|Any CPU.ActiveCfg = Debug|Any CPU
		{FE512525-EAD6-4236-ABFC-B0A64D526F51}.Debug|Any CPU.Build.0 = Debug|Any CPU
		{FE512525-EAD6-4236-ABFC-B0A64D526F51}.Release|Any CPU.ActiveCfg = Release|Any CPU
		{FE512525-EAD6-4236-ABFC-B0A64D526F51}.Release|Any CPU.Build.0 = Release|Any CPU
		{C8D009F7-18C4-4AED-AE73-2F82FE2A79B4}.Debug|Any CPU.ActiveCfg = Debug|Any CPU
		{C8D009F7-18C4-4AED-AE73-2F82FE2A79B4}.Debug|Any CPU.Build.0 = Debug|Any CPU
		{C8D009F7-18C4-4AED-AE73-2F82FE2A79B4}.Release|Any CPU.ActiveCfg = Release|Any CPU
		{C8D009F7-18C4-4AED-AE73-2F82FE2A79B4}.Release|Any CPU.Build.0 = Release|Any CPU
		{BF2A3C67-04C2-48E6-946E-BC49C5E0CF6E}.Debug|Any CPU.ActiveCfg = Debug|Any CPU
		{BF2A3C67-04C2-48E6-946E-BC49C5E0CF6E}.Debug|Any CPU.Build.0 = Debug|Any CPU
		{BF2A3C67-04C2-48E6-946E-BC49C5E0CF6E}.Release|Any CPU.ActiveCfg = Release|Any CPU
		{BF2A3C67-04C2-48E6-946E-BC49C5E0CF6E}.Release|Any CPU.Build.0 = Release|Any CPU
		{BE7205C6-52AF-47DD-9175-6C798E2FD56F}.Debug|Any CPU.ActiveCfg = Debug|Any CPU
		{BE7205C6-52AF-47DD-9175-6C798E2FD56F}.Debug|Any CPU.Build.0 = Debug|Any CPU
		{BE7205C6-52AF-47DD-9175-6C798E2FD56F}.Release|Any CPU.ActiveCfg = Release|Any CPU
		{BE7205C6-52AF-47DD-9175-6C798E2FD56F}.Release|Any CPU.Build.0 = Release|Any CPU
		{D400915A-2630-4B50-9815-23EE49633BFD}.Debug|Any CPU.ActiveCfg = Debug|Any CPU
		{D400915A-2630-4B50-9815-23EE49633BFD}.Debug|Any CPU.Build.0 = Debug|Any CPU
		{D400915A-2630-4B50-9815-23EE49633BFD}.Release|Any CPU.ActiveCfg = Release|Any CPU
		{D400915A-2630-4B50-9815-23EE49633BFD}.Release|Any CPU.Build.0 = Release|Any CPU
		{F9BBB2E0-C683-4F8C-A5EA-490BFC67DDD8}.Debug|Any CPU.ActiveCfg = Debug|Any CPU
		{F9BBB2E0-C683-4F8C-A5EA-490BFC67DDD8}.Debug|Any CPU.Build.0 = Debug|Any CPU
		{F9BBB2E0-C683-4F8C-A5EA-490BFC67DDD8}.Release|Any CPU.ActiveCfg = Release|Any CPU
		{F9BBB2E0-C683-4F8C-A5EA-490BFC67DDD8}.Release|Any CPU.Build.0 = Release|Any CPU
	EndGlobalSection
	GlobalSection(SolutionProperties) = preSolution
		HideSolutionNode = FALSE
	EndGlobalSection
	GlobalSection(NestedProjects) = preSolution
		{DE788EAF-44CC-48CB-860E-80EE3554FE67} = {5CF4C3B9-FEDD-48B1-9F92-61C06D6E2830}
		{51DBD93B-CEE7-4DC9-890B-81AF5F0C35B8} = {F695ABD0-FE6D-4F25-852D-91DCCB410E82}
		{535C99D1-1D5B-4E42-8C5F-927691C61B37} = {5CF4C3B9-FEDD-48B1-9F92-61C06D6E2830}
		{EBC3A8E7-117B-451F-B3A9-ADF3AC8B591A} = {6C712EFD-9B0C-431B-8B79-06177DF325BA}
		{85C1B85A-8B4D-4B23-BA34-F6530D23BBF2} = {5CF4C3B9-FEDD-48B1-9F92-61C06D6E2830}
		{67740B21-2AC0-44F4-84B3-969AF7EEC87B} = {F695ABD0-FE6D-4F25-852D-91DCCB410E82}
		{FE512525-EAD6-4236-ABFC-B0A64D526F51} = {A9CDE611-13AA-45F7-8B8D-ED9AE92EFFD6}
		{C8D009F7-18C4-4AED-AE73-2F82FE2A79B4} = {A9CDE611-13AA-45F7-8B8D-ED9AE92EFFD6}
		{F695ABD0-FE6D-4F25-852D-91DCCB410E82} = {6C712EFD-9B0C-431B-8B79-06177DF325BA}
		{655E1B5A-EDAE-4C85-9553-55229B6254CE} = {6C712EFD-9B0C-431B-8B79-06177DF325BA}
		{BF2A3C67-04C2-48E6-946E-BC49C5E0CF6E} = {655E1B5A-EDAE-4C85-9553-55229B6254CE}
		{BE7205C6-52AF-47DD-9175-6C798E2FD56F} = {E807D605-E7EA-4680-9269-879F2596A2D3}
		{D400915A-2630-4B50-9815-23EE49633BFD} = {655E1B5A-EDAE-4C85-9553-55229B6254CE}
		{F9BBB2E0-C683-4F8C-A5EA-490BFC67DDD8} = {37962700-6209-4A80-9E90-8EA276C21374}
	EndGlobalSection
	GlobalSection(ExtensibilityGlobals) = postSolution
		SolutionGuid = {A5F0048D-888D-47DA-8714-2283937235BC}
	EndGlobalSection
EndGlobal
