
Microsoft Visual Studio Solution File, Format Version 12.00
# Visual Studio 15
VisualStudioVersion = 15.0.28307.960
MinimumVisualStudioVersion = 10.0.40219.1
Project("{9A19103F-16F7-4668-BE54-9A1E7A4F7556}") = "Hangfire.HttpJob", "Server\Hangfire.HttpJob\Hangfire.HttpJob.csproj", "{DE788EAF-44CC-48CB-860E-80EE3554FE67}"
EndProject
Project("{9A19103F-16F7-4668-BE54-9A1E7A4F7556}") = "MysqlHangfire", "Test\TestHangfire\MysqlHangfire.csproj", "{51DBD93B-CEE7-4DC9-890B-81AF5F0C35B8}"
EndProject
Project("{9A19103F-16F7-4668-BE54-9A1E7A4F7556}") = "Hangfire.HttpJob.Client", "Client\Hangfire.HttpJob.Client\Hangfire.HttpJob.Client.csproj", "{535C99D1-1D5B-4E42-8C5F-927691C61B37}"
EndProject
Project("{2150E333-8FDC-42A3-9474-1A3956D46DE8}") = "Test", "Test", "{6C712EFD-9B0C-431B-8B79-06177DF325BA}"
EndProject
Project("{9A19103F-16F7-4668-BE54-9A1E7A4F7556}") = "Hangfire.HttpJob.Client.Test", "Test\Hangfire.HttpJob.Client.Test\Hangfire.HttpJob.Client.Test.csproj", "{EBC3A8E7-117B-451F-B3A9-ADF3AC8B591A}"
EndProject
Project("{9A19103F-16F7-4668-BE54-9A1E7A4F7556}") = "Hangfire.HttpJob.Agent", "Agent\Hangfire.HttpJob.Agent\Hangfire.HttpJob.Agent.csproj", "{85C1B85A-8B4D-4B23-BA34-F6530D23BBF2}"
EndProject
Project("{9A19103F-16F7-4668-BE54-9A1E7A4F7556}") = "TestHangfireAgent", "Test\TestHangfireAgent\TestHangfireAgent.csproj", "{67740B21-2AC0-44F4-84B3-969AF7EEC87B}"
EndProject
Project("{9A19103F-16F7-4668-BE54-9A1E7A4F7556}") = "Hangfire.HttpJob.Agent.MysqlConsole", "Agent\Hangfire.HttpJob.Agent.MysqlLog\Hangfire.HttpJob.Agent.MysqlConsole.csproj", "{C8D009F7-18C4-4AED-AE73-2F82FE2A79B4}"
EndProject
Project("{2150E333-8FDC-42A3-9474-1A3956D46DE8}") = "Mysql", "Mysql", "{F695ABD0-FE6D-4F25-852D-91DCCB410E82}"
EndProject
Project("{2150E333-8FDC-42A3-9474-1A3956D46DE8}") = "SqlServer", "SqlServer", "{655E1B5A-EDAE-4C85-9553-55229B6254CE}"
EndProject
Project("{9A19103F-16F7-4668-BE54-9A1E7A4F7556}") = "SqlserverHangfire", "Test\TestSqlserver\SqlserverHangfire.csproj", "{BF2A3C67-04C2-48E6-946E-BC49C5E0CF6E}"
EndProject
Project("{2150E333-8FDC-42A3-9474-1A3956D46DE8}") = "Mysql", "Mysql", "{A9CDE611-13AA-45F7-8B8D-ED9AE92EFFD6}"
EndProject
Project("{2150E333-8FDC-42A3-9474-1A3956D46DE8}") = "Src", "Src", "{5CF4C3B9-FEDD-48B1-9F92-61C06D6E2830}"
EndProject
Project("{2150E333-8FDC-42A3-9474-1A3956D46DE8}") = "SqlServer", "SqlServer", "{E807D605-E7EA-4680-9269-879F2596A2D3}"
EndProject
Project("{9A19103F-16F7-4668-BE54-9A1E7A4F7556}") = "Hangfire.HttpJob.Agent.MssqlConsole", "Agent\Hangfire.HttpJob.Agent.MssqlConsole\Hangfire.HttpJob.Agent.MssqlConsole.csproj", "{BE7205C6-52AF-47DD-9175-6C798E2FD56F}"
EndProject
Project("{9A19103F-16F7-4668-BE54-9A1E7A4F7556}") = "TestSqlserverHangfireAgent", "Test\TestSqlserverHangfireAgent\TestSqlserverHangfireAgent.csproj", "{D400915A-2630-4B50-9815-23EE49633BFD}"
EndProject
Project("{2150E333-8FDC-42A3-9474-1A3956D46DE8}") = "Redis", "Redis", "{1B9027FD-6546-4A3D-9C7F-ADDE858E170F}"
EndProject
Project("{9A19103F-16F7-4668-BE54-9A1E7A4F7556}") = "RedisHangfire", "Test\RedisHangfire\RedisHangfire.csproj", "{5C6A9726-56F3-475D-9F2C-3F50F97AA692}"
EndProject
Project("{2150E333-8FDC-42A3-9474-1A3956D46DE8}") = "Redis", "Redis", "{6387D13B-20FC-41C7-BE18-0EB20E863D0F}"
EndProject
Project("{9A19103F-16F7-4668-BE54-9A1E7A4F7556}") = "Hangfire.HttpJob.Agent.RedisConsole", "Agent\Hangfire.HttpJob.Agent.RedisConsole\Hangfire.HttpJob.Agent.RedisConsole.csproj", "{ACB85454-6B5B-47AD-87CE-55501B19F0F5}"
EndProject
Project("{9A19103F-16F7-4668-BE54-9A1E7A4F7556}") = "TestHangfireRedisAgent", "Test\TestHangfireRedisAgent\TestHangfireRedisAgent.csproj", "{8BA5974D-CCE8-429D-8CB1-DDA9B9AFFD86}"
EndProject
Project("{FAE04EC0-301F-11D3-BF4B-00C04F79EFBC}") = "TestOwinHangfireRedisAgent", "Test\TestOwinHangfireRedisAgent\TestOwinHangfireRedisAgent\TestOwinHangfireRedisAgent.csproj", "{BC8B9574-1C54-46FE-B2F0-C0AEE74B5CFF}"
EndProject
Global
	GlobalSection(SolutionConfigurationPlatforms) = preSolution
		Debug|Any CPU = Debug|Any CPU
		Release|Any CPU = Release|Any CPU
	EndGlobalSection
	GlobalSection(ProjectConfigurationPlatforms) = postSolution
		{DE788EAF-44CC-48CB-860E-80EE3554FE67}.Debug|Any CPU.ActiveCfg = Debug|Any CPU
		{DE788EAF-44CC-48CB-860E-80EE3554FE67}.Debug|Any CPU.Build.0 = Debug|Any CPU
		{DE788EAF-44CC-48CB-860E-80EE3554FE67}.Release|Any CPU.ActiveCfg = Release|Any CPU
		{DE788EAF-44CC-48CB-860E-80EE3554FE67}.Release|Any CPU.Build.0 = Release|Any CPU
		{51DBD93B-CEE7-4DC9-890B-81AF5F0C35B8}.Debug|Any CPU.ActiveCfg = Debug|Any CPU
		{51DBD93B-CEE7-4DC9-890B-81AF5F0C35B8}.Debug|Any CPU.Build.0 = Debug|Any CPU
		{51DBD93B-CEE7-4DC9-890B-81AF5F0C35B8}.Release|Any CPU.ActiveCfg = Release|Any CPU
		{51DBD93B-CEE7-4DC9-890B-81AF5F0C35B8}.Release|Any CPU.Build.0 = Release|Any CPU
		{535C99D1-1D5B-4E42-8C5F-927691C61B37}.Debug|Any CPU.ActiveCfg = Debug|Any CPU
		{535C99D1-1D5B-4E42-8C5F-927691C61B37}.Debug|Any CPU.Build.0 = Debug|Any CPU
		{535C99D1-1D5B-4E42-8C5F-927691C61B37}.Release|Any CPU.ActiveCfg = Release|Any CPU
		{535C99D1-1D5B-4E42-8C5F-927691C61B37}.Release|Any CPU.Build.0 = Release|Any CPU
		{EBC3A8E7-117B-451F-B3A9-ADF3AC8B591A}.Debug|Any CPU.ActiveCfg = Debug|Any CPU
		{EBC3A8E7-117B-451F-B3A9-ADF3AC8B591A}.Debug|Any CPU.Build.0 = Debug|Any CPU
		{EBC3A8E7-117B-451F-B3A9-ADF3AC8B591A}.Release|Any CPU.ActiveCfg = Release|Any CPU
		{EBC3A8E7-117B-451F-B3A9-ADF3AC8B591A}.Release|Any CPU.Build.0 = Release|Any CPU
		{85C1B85A-8B4D-4B23-BA34-F6530D23BBF2}.Debug|Any CPU.ActiveCfg = Debug|Any CPU
		{85C1B85A-8B4D-4B23-BA34-F6530D23BBF2}.Debug|Any CPU.Build.0 = Debug|Any CPU
		{85C1B85A-8B4D-4B23-BA34-F6530D23BBF2}.Release|Any CPU.ActiveCfg = Release|Any CPU
		{85C1B85A-8B4D-4B23-BA34-F6530D23BBF2}.Release|Any CPU.Build.0 = Release|Any CPU
		{67740B21-2AC0-44F4-84B3-969AF7EEC87B}.Debug|Any CPU.ActiveCfg = Debug|Any CPU
		{67740B21-2AC0-44F4-84B3-969AF7EEC87B}.Debug|Any CPU.Build.0 = Debug|Any CPU
		{67740B21-2AC0-44F4-84B3-969AF7EEC87B}.Release|Any CPU.ActiveCfg = Release|Any CPU
		{67740B21-2AC0-44F4-84B3-969AF7EEC87B}.Release|Any CPU.Build.0 = Release|Any CPU
		{C8D009F7-18C4-4AED-AE73-2F82FE2A79B4}.Debug|Any CPU.ActiveCfg = Debug|Any CPU
		{C8D009F7-18C4-4AED-AE73-2F82FE2A79B4}.Debug|Any CPU.Build.0 = Debug|Any CPU
		{C8D009F7-18C4-4AED-AE73-2F82FE2A79B4}.Release|Any CPU.ActiveCfg = Release|Any CPU
		{C8D009F7-18C4-4AED-AE73-2F82FE2A79B4}.Release|Any CPU.Build.0 = Release|Any CPU
		{BF2A3C67-04C2-48E6-946E-BC49C5E0CF6E}.Debug|Any CPU.ActiveCfg = Debug|Any CPU
		{BF2A3C67-04C2-48E6-946E-BC49C5E0CF6E}.Debug|Any CPU.Build.0 = Debug|Any CPU
		{BF2A3C67-04C2-48E6-946E-BC49C5E0CF6E}.Release|Any CPU.ActiveCfg = Release|Any CPU
		{BF2A3C67-04C2-48E6-946E-BC49C5E0CF6E}.Release|Any CPU.Build.0 = Release|Any CPU
		{BE7205C6-52AF-47DD-9175-6C798E2FD56F}.Debug|Any CPU.ActiveCfg = Debug|Any CPU
		{BE7205C6-52AF-47DD-9175-6C798E2FD56F}.Debug|Any CPU.Build.0 = Debug|Any CPU
		{BE7205C6-52AF-47DD-9175-6C798E2FD56F}.Release|Any CPU.ActiveCfg = Release|Any CPU
		{BE7205C6-52AF-47DD-9175-6C798E2FD56F}.Release|Any CPU.Build.0 = Release|Any CPU
		{D400915A-2630-4B50-9815-23EE49633BFD}.Debug|Any CPU.ActiveCfg = Debug|Any CPU
		{D400915A-2630-4B50-9815-23EE49633BFD}.Debug|Any CPU.Build.0 = Debug|Any CPU
		{D400915A-2630-4B50-9815-23EE49633BFD}.Release|Any CPU.ActiveCfg = Release|Any CPU
		{D400915A-2630-4B50-9815-23EE49633BFD}.Release|Any CPU.Build.0 = Release|Any CPU
		{5C6A9726-56F3-475D-9F2C-3F50F97AA692}.Debug|Any CPU.ActiveCfg = Debug|Any CPU
		{5C6A9726-56F3-475D-9F2C-3F50F97AA692}.Debug|Any CPU.Build.0 = Debug|Any CPU
		{5C6A9726-56F3-475D-9F2C-3F50F97AA692}.Release|Any CPU.ActiveCfg = Release|Any CPU
		{5C6A9726-56F3-475D-9F2C-3F50F97AA692}.Release|Any CPU.Build.0 = Release|Any CPU
		{ACB85454-6B5B-47AD-87CE-55501B19F0F5}.Debug|Any CPU.ActiveCfg = Debug|Any CPU
		{ACB85454-6B5B-47AD-87CE-55501B19F0F5}.Debug|Any CPU.Build.0 = Debug|Any CPU
		{ACB85454-6B5B-47AD-87CE-55501B19F0F5}.Release|Any CPU.ActiveCfg = Release|Any CPU
		{ACB85454-6B5B-47AD-87CE-55501B19F0F5}.Release|Any CPU.Build.0 = Release|Any CPU
		{8BA5974D-CCE8-429D-8CB1-DDA9B9AFFD86}.Debug|Any CPU.ActiveCfg = Debug|Any CPU
		{8BA5974D-CCE8-429D-8CB1-DDA9B9AFFD86}.Debug|Any CPU.Build.0 = Debug|Any CPU
		{8BA5974D-CCE8-429D-8CB1-DDA9B9AFFD86}.Release|Any CPU.ActiveCfg = Release|Any CPU
		{8BA5974D-CCE8-429D-8CB1-DDA9B9AFFD86}.Release|Any CPU.Build.0 = Release|Any CPU
		{BC8B9574-1C54-46FE-B2F0-C0AEE74B5CFF}.Debug|Any CPU.ActiveCfg = Debug|Any CPU
		{BC8B9574-1C54-46FE-B2F0-C0AEE74B5CFF}.Debug|Any CPU.Build.0 = Debug|Any CPU
		{BC8B9574-1C54-46FE-B2F0-C0AEE74B5CFF}.Release|Any CPU.ActiveCfg = Release|Any CPU
		{BC8B9574-1C54-46FE-B2F0-C0AEE74B5CFF}.Release|Any CPU.Build.0 = Release|Any CPU
	EndGlobalSection
	GlobalSection(SolutionProperties) = preSolution
		HideSolutionNode = FALSE
	EndGlobalSection
	GlobalSection(NestedProjects) = preSolution
		{DE788EAF-44CC-48CB-860E-80EE3554FE67} = {5CF4C3B9-FEDD-48B1-9F92-61C06D6E2830}
		{51DBD93B-CEE7-4DC9-890B-81AF5F0C35B8} = {F695ABD0-FE6D-4F25-852D-91DCCB410E82}
		{535C99D1-1D5B-4E42-8C5F-927691C61B37} = {5CF4C3B9-FEDD-48B1-9F92-61C06D6E2830}
		{EBC3A8E7-117B-451F-B3A9-ADF3AC8B591A} = {6C712EFD-9B0C-431B-8B79-06177DF325BA}
		{85C1B85A-8B4D-4B23-BA34-F6530D23BBF2} = {5CF4C3B9-FEDD-48B1-9F92-61C06D6E2830}
		{67740B21-2AC0-44F4-84B3-969AF7EEC87B} = {F695ABD0-FE6D-4F25-852D-91DCCB410E82}
		{C8D009F7-18C4-4AED-AE73-2F82FE2A79B4} = {A9CDE611-13AA-45F7-8B8D-ED9AE92EFFD6}
		{F695ABD0-FE6D-4F25-852D-91DCCB410E82} = {6C712EFD-9B0C-431B-8B79-06177DF325BA}
		{655E1B5A-EDAE-4C85-9553-55229B6254CE} = {6C712EFD-9B0C-431B-8B79-06177DF325BA}
		{BF2A3C67-04C2-48E6-946E-BC49C5E0CF6E} = {655E1B5A-EDAE-4C85-9553-55229B6254CE}
		{BE7205C6-52AF-47DD-9175-6C798E2FD56F} = {E807D605-E7EA-4680-9269-879F2596A2D3}
		{D400915A-2630-4B50-9815-23EE49633BFD} = {655E1B5A-EDAE-4C85-9553-55229B6254CE}
		{1B9027FD-6546-4A3D-9C7F-ADDE858E170F} = {6C712EFD-9B0C-431B-8B79-06177DF325BA}
		{5C6A9726-56F3-475D-9F2C-3F50F97AA692} = {1B9027FD-6546-4A3D-9C7F-ADDE858E170F}
		{ACB85454-6B5B-47AD-87CE-55501B19F0F5} = {6387D13B-20FC-41C7-BE18-0EB20E863D0F}
		{8BA5974D-CCE8-429D-8CB1-DDA9B9AFFD86} = {1B9027FD-6546-4A3D-9C7F-ADDE858E170F}
		{BC8B9574-1C54-46FE-B2F0-C0AEE74B5CFF} = {1B9027FD-6546-4A3D-9C7F-ADDE858E170F}
	EndGlobalSection
	GlobalSection(ExtensibilityGlobals) = postSolution
		SolutionGuid = {A5F0048D-888D-47DA-8714-2283937235BC}
	EndGlobalSection
EndGlobal
