
Microsoft Visual Studio Solution File, Format Version 12.00
# Visual Studio 15
VisualStudioVersion = 15.0.27703.2018
MinimumVisualStudioVersion = 10.0.40219.1
Project("{9A19103F-16F7-4668-BE54-9A1E7A4F7556}") = "Hangfire.HttpJob", "Hangfire.HttpJob\Hangfire.HttpJob.csproj", "{DE788EAF-44CC-48CB-860E-80EE3554FE67}"
EndProject
Project("{9A19103F-16F7-4668-BE54-9A1E7A4F7556}") = "TestHangfire", "TestHangfire\TestHangfire.csproj", "{51DBD93B-CEE7-4DC9-890B-81AF5F0C35B8}"
EndProject
Project("{9A19103F-16F7-4668-BE54-9A1E7A4F7556}") = "Hangfire.HttpJob.Client", "Hangfire.HttpJob.Client\Hangfire.HttpJob.Client.csproj", "{535C99D1-1D5B-4E42-8C5F-927691C61B37}"
EndProject
Project("{2150E333-8FDC-42A3-9474-1A3956D46DE8}") = "Test", "Test", "{6C712EFD-9B0C-431B-8B79-06177DF325BA}"
EndProject
Project("{9A19103F-16F7-4668-BE54-9A1E7A4F7556}") = "Hangfire.HttpJob.Client.Test", "Test\Hangfire.HttpJob.Client.Test\Hangfire.HttpJob.Client.Test.csproj", "{EBC3A8E7-117B-451F-B3A9-ADF3AC8B591A}"
EndProject
Project("{9A19103F-16F7-4668-BE54-9A1E7A4F7556}") = "Hangfire.HttpJob.Agent", "Hangfire.HttpJob.Agent\Hangfire.HttpJob.Agent.csproj", "{85C1B85A-8B4D-4B23-BA34-F6530D23BBF2}"
EndProject
Project("{9A19103F-16F7-4668-BE54-9A1E7A4F7556}") = "TestHangfireAgent", "Test\TestHangfireAgent\TestHangfireAgent.csproj", "{67740B21-2AC0-44F4-84B3-969AF7EEC87B}"
EndProject
Project("{9A19103F-16F7-4668-BE54-9A1E7A4F7556}") = "Hangfire.Tags.Mysql", "Hangfire.Tags.Mysql\Hangfire.Tags.Mysql.csproj", "{FE512525-EAD6-4236-ABFC-B0A64D526F51}"
EndProject
Project("{FAE04EC0-301F-11D3-BF4B-00C04F79EFBC}") = "Hangfire.HttpJob.Agent.MysqlConsole", "AgentLogClient\Hangfire.HttpJob.Agent.MysqlLog\Hangfire.HttpJob.Agent.MysqlConsole.csproj", "{C8D009F7-18C4-4AED-AE73-2F82FE2A79B4}"
EndProject
Global
	GlobalSection(SolutionConfigurationPlatforms) = preSolution
		Debug|Any CPU = Debug|Any CPU
		Release|Any CPU = Release|Any CPU
	EndGlobalSection
	GlobalSection(ProjectConfigurationPlatforms) = postSolution
		{DE788EAF-44CC-48CB-860E-80EE3554FE67}.Debug|Any CPU.ActiveCfg = Debug|Any CPU
		{DE788EAF-44CC-48CB-860E-80EE3554FE67}.Debug|Any CPU.Build.0 = Debug|Any CPU
		{DE788EAF-44CC-48CB-860E-80EE3554FE67}.Release|Any CPU.ActiveCfg = Release|Any CPU
		{DE788EAF-44CC-48CB-860E-80EE3554FE67}.Release|Any CPU.Build.0 = Release|Any CPU
		{51DBD93B-CEE7-4DC9-890B-81AF5F0C35B8}.Debug|Any CPU.ActiveCfg = Debug|Any CPU
		{51DBD93B-CEE7-4DC9-890B-81AF5F0C35B8}.Debug|Any CPU.Build.0 = Debug|Any CPU
		{51DBD93B-CEE7-4DC9-890B-81AF5F0C35B8}.Release|Any CPU.ActiveCfg = Release|Any CPU
		{51DBD93B-CEE7-4DC9-890B-81AF5F0C35B8}.Release|Any CPU.Build.0 = Release|Any CPU
		{535C99D1-1D5B-4E42-8C5F-927691C61B37}.Debug|Any CPU.ActiveCfg = Debug|Any CPU
		{535C99D1-1D5B-4E42-8C5F-927691C61B37}.Debug|Any CPU.Build.0 = Debug|Any CPU
		{535C99D1-1D5B-4E42-8C5F-927691C61B37}.Release|Any CPU.ActiveCfg = Release|Any CPU
		{535C99D1-1D5B-4E42-8C5F-927691C61B37}.Release|Any CPU.Build.0 = Release|Any CPU
		{EBC3A8E7-117B-451F-B3A9-ADF3AC8B591A}.Debug|Any CPU.ActiveCfg = Debug|Any CPU
		{EBC3A8E7-117B-451F-B3A9-ADF3AC8B591A}.Debug|Any CPU.Build.0 = Debug|Any CPU
		{EBC3A8E7-117B-451F-B3A9-ADF3AC8B591A}.Release|Any CPU.ActiveCfg = Release|Any CPU
		{EBC3A8E7-117B-451F-B3A9-ADF3AC8B591A}.Release|Any CPU.Build.0 = Release|Any CPU
		{85C1B85A-8B4D-4B23-BA34-F6530D23BBF2}.Debug|Any CPU.ActiveCfg = Debug|Any CPU
		{85C1B85A-8B4D-4B23-BA34-F6530D23BBF2}.Debug|Any CPU.Build.0 = Debug|Any CPU
		{85C1B85A-8B4D-4B23-BA34-F6530D23BBF2}.Release|Any CPU.ActiveCfg = Release|Any CPU
		{85C1B85A-8B4D-4B23-BA34-F6530D23BBF2}.Release|Any CPU.Build.0 = Release|Any CPU
		{67740B21-2AC0-44F4-84B3-969AF7EEC87B}.Debug|Any CPU.ActiveCfg = Debug|Any CPU
		{67740B21-2AC0-44F4-84B3-969AF7EEC87B}.Debug|Any CPU.Build.0 = Debug|Any CPU
		{67740B21-2AC0-44F4-84B3-969AF7EEC87B}.Release|Any CPU.ActiveCfg = Release|Any CPU
		{67740B21-2AC0-44F4-84B3-969AF7EEC87B}.Release|Any CPU.Build.0 = Release|Any CPU
		{FE512525-EAD6-4236-ABFC-B0A64D526F51}.Debug|Any CPU.ActiveCfg = Debug|Any CPU
		{FE512525-EAD6-4236-ABFC-B0A64D526F51}.Debug|Any CPU.Build.0 = Debug|Any CPU
		{FE512525-EAD6-4236-ABFC-B0A64D526F51}.Release|Any CPU.ActiveCfg = Release|Any CPU
		{FE512525-EAD6-4236-ABFC-B0A64D526F51}.Release|Any CPU.Build.0 = Release|Any CPU
		{C8D009F7-18C4-4AED-AE73-2F82FE2A79B4}.Debug|Any CPU.ActiveCfg = Debug|Any CPU
		{C8D009F7-18C4-4AED-AE73-2F82FE2A79B4}.Debug|Any CPU.Build.0 = Debug|Any CPU
		{C8D009F7-18C4-4AED-AE73-2F82FE2A79B4}.Release|Any CPU.ActiveCfg = Release|Any CPU
		{C8D009F7-18C4-4AED-AE73-2F82FE2A79B4}.Release|Any CPU.Build.0 = Release|Any CPU
	EndGlobalSection
	GlobalSection(SolutionProperties) = preSolution
		HideSolutionNode = FALSE
	EndGlobalSection
	GlobalSection(NestedProjects) = preSolution
		{EBC3A8E7-117B-451F-B3A9-ADF3AC8B591A} = {6C712EFD-9B0C-431B-8B79-06177DF325BA}
	EndGlobalSection
	GlobalSection(ExtensibilityGlobals) = postSolution
		SolutionGuid = {A5F0048D-888D-47DA-8714-2283937235BC}
	EndGlobalSection
EndGlobal
