
Microsoft Visual Studio Solution File, Format Version 12.00
# Visual Studio Version 16
VisualStudioVersion = 16.0.30517.126
MinimumVisualStudioVersion = 15.0.26124.0
Project("{FAE04EC0-301F-11D3-BF4B-00C04F79EFBC}") = "Hangfire.HttpAgent.Owin", "Hangfire.HttpAgent.Owin\Hangfire.HttpAgent.Owin.csproj", "{AB9D4DE5-484F-4945-9801-CB9B0A2CB9C7}"
EndProject
Project("{FAE04EC0-301F-11D3-BF4B-00C04F79EFBC}") = "Hangfire.HttpAgent.Owin.Cons", "Hangfire.HttpAgent.Owin.Console\Hangfire.HttpAgent.Owin.Cons.csproj", "{23673D03-5F22-4A24-8318-976B9DDD7C3E}"
EndProject
Project("{FAE04EC0-301F-11D3-BF4B-00C04F79EFBC}") = "Hangfire.HttpAgent.RedisConsole.Owin", "Hangfire.HttpAgent.RedisConsole.Owin\Hangfire.HttpAgent.RedisConsole.Owin.csproj", "{18C4B3A1-0F65-4B16-B491-469E31873515}"
EndProject
Global
	GlobalSection(SolutionConfigurationPlatforms) = preSolution
		Debug|Any CPU = Debug|Any CPU
		Debug|x64 = Debug|x64
		Debug|x86 = Debug|x86
		Release|Any CPU = Release|Any CPU
		Release|x64 = Release|x64
		Release|x86 = Release|x86
	EndGlobalSection
	GlobalSection(ProjectConfigurationPlatforms) = postSolution
		{AB9D4DE5-484F-4945-9801-CB9B0A2CB9C7}.Debug|Any CPU.ActiveCfg = Debug|Any CPU
		{AB9D4DE5-484F-4945-9801-CB9B0A2CB9C7}.Debug|Any CPU.Build.0 = Debug|Any CPU
		{AB9D4DE5-484F-4945-9801-CB9B0A2CB9C7}.Debug|x64.ActiveCfg = Debug|Any CPU
		{AB9D4DE5-484F-4945-9801-CB9B0A2CB9C7}.Debug|x64.Build.0 = Debug|Any CPU
		{AB9D4DE5-484F-4945-9801-CB9B0A2CB9C7}.Debug|x86.ActiveCfg = Debug|Any CPU
		{AB9D4DE5-484F-4945-9801-CB9B0A2CB9C7}.Debug|x86.Build.0 = Debug|Any CPU
		{AB9D4DE5-484F-4945-9801-CB9B0A2CB9C7}.Release|Any CPU.ActiveCfg = Release|Any CPU
		{AB9D4DE5-484F-4945-9801-CB9B0A2CB9C7}.Release|Any CPU.Build.0 = Release|Any CPU
		{AB9D4DE5-484F-4945-9801-CB9B0A2CB9C7}.Release|x64.ActiveCfg = Release|Any CPU
		{AB9D4DE5-484F-4945-9801-CB9B0A2CB9C7}.Release|x64.Build.0 = Release|Any CPU
		{AB9D4DE5-484F-4945-9801-CB9B0A2CB9C7}.Release|x86.ActiveCfg = Release|Any CPU
		{AB9D4DE5-484F-4945-9801-CB9B0A2CB9C7}.Release|x86.Build.0 = Release|Any CPU
		{23673D03-5F22-4A24-8318-976B9DDD7C3E}.Debug|Any CPU.ActiveCfg = Debug|Any CPU
		{23673D03-5F22-4A24-8318-976B9DDD7C3E}.Debug|Any CPU.Build.0 = Debug|Any CPU
		{23673D03-5F22-4A24-8318-976B9DDD7C3E}.Debug|x64.ActiveCfg = Debug|Any CPU
		{23673D03-5F22-4A24-8318-976B9DDD7C3E}.Debug|x64.Build.0 = Debug|Any CPU
		{23673D03-5F22-4A24-8318-976B9DDD7C3E}.Debug|x86.ActiveCfg = Debug|Any CPU
		{23673D03-5F22-4A24-8318-976B9DDD7C3E}.Debug|x86.Build.0 = Debug|Any CPU
		{23673D03-5F22-4A24-8318-976B9DDD7C3E}.Release|Any CPU.ActiveCfg = Release|Any CPU
		{23673D03-5F22-4A24-8318-976B9DDD7C3E}.Release|Any CPU.Build.0 = Release|Any CPU
		{23673D03-5F22-4A24-8318-976B9DDD7C3E}.Release|x64.ActiveCfg = Release|Any CPU
		{23673D03-5F22-4A24-8318-976B9DDD7C3E}.Release|x64.Build.0 = Release|Any CPU
		{23673D03-5F22-4A24-8318-976B9DDD7C3E}.Release|x86.ActiveCfg = Release|Any CPU
		{23673D03-5F22-4A24-8318-976B9DDD7C3E}.Release|x86.Build.0 = Release|Any CPU
		{18C4B3A1-0F65-4B16-B491-469E31873515}.Debug|Any CPU.ActiveCfg = Debug|Any CPU
		{18C4B3A1-0F65-4B16-B491-469E31873515}.Debug|Any CPU.Build.0 = Debug|Any CPU
		{18C4B3A1-0F65-4B16-B491-469E31873515}.Debug|x64.ActiveCfg = Debug|Any CPU
		{18C4B3A1-0F65-4B16-B491-469E31873515}.Debug|x64.Build.0 = Debug|Any CPU
		{18C4B3A1-0F65-4B16-B491-469E31873515}.Debug|x86.ActiveCfg = Debug|Any CPU
		{18C4B3A1-0F65-4B16-B491-469E31873515}.Debug|x86.Build.0 = Debug|Any CPU
		{18C4B3A1-0F65-4B16-B491-469E31873515}.Release|Any CPU.ActiveCfg = Release|Any CPU
		{18C4B3A1-0F65-4B16-B491-469E31873515}.Release|Any CPU.Build.0 = Release|Any CPU
		{18C4B3A1-0F65-4B16-B491-469E31873515}.Release|x64.ActiveCfg = Release|Any CPU
		{18C4B3A1-0F65-4B16-B491-469E31873515}.Release|x64.Build.0 = Release|Any CPU
		{18C4B3A1-0F65-4B16-B491-469E31873515}.Release|x86.ActiveCfg = Release|Any CPU
		{18C4B3A1-0F65-4B16-B491-469E31873515}.Release|x86.Build.0 = Release|Any CPU
	EndGlobalSection
	GlobalSection(SolutionProperties) = preSolution
		HideSolutionNode = FALSE
	EndGlobalSection
	GlobalSection(ExtensibilityGlobals) = postSolution
		SolutionGuid = {C550CF13-5F9F-41AE-AEDA-81C9D0B30B31}
	EndGlobalSection
EndGlobal
